
Microsoft Visual Studio Solution File, Format Version 12.00
# Visual Studio Version 17
VisualStudioVersion = 17.14.36121.58
MinimumVisualStudioVersion = 10.0.40219.1
Project("{FAE04EC0-301F-11D3-BF4B-00C04F79EFBC}") = "Atividade 1 - Programação Evolutiva", "Atividade 1 - Algoritmo Genetico\Atividade 1 - Programação Evolutiva.csproj", "{BB4555EC-4DBB-4C60-9ABE-891AA583300E}"
EndProject
Global
	GlobalSection(SolutionConfigurationPlatforms) = preSolution
		Debug|Any CPU = Debug|Any CPU
		Release|Any CPU = Release|Any CPU
	EndGlobalSection
	GlobalSection(ProjectConfigurationPlatforms) = postSolution
		{BB4555EC-4DBB-4C60-9ABE-891AA583300E}.Debug|Any CPU.ActiveCfg = Debug|Any CPU
		{BB4555EC-4DBB-4C60-9ABE-891AA583300E}.Debug|Any CPU.Build.0 = Debug|Any CPU
		{BB4555EC-4DBB-4C60-9ABE-891AA583300E}.Release|Any CPU.ActiveCfg = Release|Any CPU
		{BB4555EC-4DBB-4C60-9ABE-891AA583300E}.Release|Any CPU.Build.0 = Release|Any CPU
	EndGlobalSection
	GlobalSection(SolutionProperties) = preSolution
		HideSolutionNode = FALSE
	EndGlobalSection
	GlobalSection(ExtensibilityGlobals) = postSolution
		SolutionGuid = {1A8CC250-452A-455A-AE19-48B21DCFC8FC}
	EndGlobalSection
EndGlobal
