
Microsoft Visual Studio Solution File, Format Version 12.00
# Visual Studio Version 17
VisualStudioVersion = 17.8.34316.72
MinimumVisualStudioVersion = 10.0.40219.1
Project("{FAE04EC0-301F-11D3-BF4B-00C04F79EFBC}") = "Atividade 3 - Algoritmos Genéticos", "Atividade 3 - Algoritmos Genéticos\Atividade 3 - Algoritmos Genéticos.csproj", "{C3982F17-3850-4F54-8696-5954510F1840}"
EndProject
Global
	GlobalSection(SolutionConfigurationPlatforms) = preSolution
		Debug|Any CPU = Debug|Any CPU
		Release|Any CPU = Release|Any CPU
	EndGlobalSection
	GlobalSection(ProjectConfigurationPlatforms) = postSolution
		{C3982F17-3850-4F54-8696-5954510F1840}.Debug|Any CPU.ActiveCfg = Debug|Any CPU
		{C3982F17-3850-4F54-8696-5954510F1840}.Debug|Any CPU.Build.0 = Debug|Any CPU
		{C3982F17-3850-4F54-8696-5954510F1840}.Release|Any CPU.ActiveCfg = Release|Any CPU
		{C3982F17-3850-4F54-8696-5954510F1840}.Release|Any CPU.Build.0 = Release|Any CPU
	EndGlobalSection
	GlobalSection(SolutionProperties) = preSolution
		HideSolutionNode = FALSE
	EndGlobalSection
	GlobalSection(ExtensibilityGlobals) = postSolution
		SolutionGuid = {5DF609BC-87A9-45B4-93F6-37DBBE56DA7B}
	EndGlobalSection
EndGlobal
