
Microsoft Visual Studio Solution File, Format Version 12.00
# Visual Studio Version 17
VisualStudioVersion = 17.14.36121.58
MinimumVisualStudioVersion = 10.0.40219.1
Project("{FAE04EC0-301F-11D3-BF4B-00C04F79EFBC}") = "Atividade 2 - Programação Evolutava com População", "Atividade 2 - Algoritmo Genetico com População\Atividade 2 - Programação Evolutava com População.csproj", "{3A127D48-BFA4-4581-8B03-99987FF51C88}"
EndProject
Global
	GlobalSection(SolutionConfigurationPlatforms) = preSolution
		Debug|Any CPU = Debug|Any CPU
		Release|Any CPU = Release|Any CPU
	EndGlobalSection
	GlobalSection(ProjectConfigurationPlatforms) = postSolution
		{3A127D48-BFA4-4581-8B03-99987FF51C88}.Debug|Any CPU.ActiveCfg = Debug|Any CPU
		{3A127D48-BFA4-4581-8B03-99987FF51C88}.Debug|Any CPU.Build.0 = Debug|Any CPU
		{3A127D48-BFA4-4581-8B03-99987FF51C88}.Release|Any CPU.ActiveCfg = Release|Any CPU
		{3A127D48-BFA4-4581-8B03-99987FF51C88}.Release|Any CPU.Build.0 = Release|Any CPU
	EndGlobalSection
	GlobalSection(SolutionProperties) = preSolution
		HideSolutionNode = FALSE
	EndGlobalSection
	GlobalSection(ExtensibilityGlobals) = postSolution
		SolutionGuid = {66607159-490D-42C5-BB17-CE40F7BA3CC3}
	EndGlobalSection
EndGlobal
